// !$*UTF8*$!
{
	archiveVersion = 1;
	classes = {
	};
	objectVersion = 45;
	objects = {

/* Begin PBXBuildFile section */
		1D3623260D0F684500981E51 /* MapExplorationAppDelegate.m in Sources */ = {isa = PBXBuildFile; fileRef = 1D3623250D0F684500981E51 /* MapExplorationAppDelegate.m */; };
		1D60589B0D05DD56006BFB54 /* main.m in Sources */ = {isa = PBXBuildFile; fileRef = 29B97316FDCFA39411CA2CEA /* main.m */; };
		1D60589F0D05DD5A006BFB54 /* Foundation.framework in Frameworks */ = {isa = PBXBuildFile; fileRef = 1D30AB110D05D00D00671497 /* Foundation.framework */; };
		1DF5F4E00D08C38300B7A737 /* UIKit.framework in Frameworks */ = {isa = PBXBuildFile; fileRef = 1DF5F4DF0D08C38300B7A737 /* UIKit.framework */; };
		288765A50DF7441C002DB57D /* CoreGraphics.framework in Frameworks */ = {isa = PBXBuildFile; fileRef = 288765A40DF7441C002DB57D /* CoreGraphics.framework */; };
		28C3AD8A0F43EF2300507BA6 /* MapExploration.xcdatamodel in Sources */ = {isa = PBXBuildFile; fileRef = 28C3AD890F43EF2300507BA6 /* MapExploration.xcdatamodel */; };
		28D801B40F44B63D00FB423F /* CoreData.framework in Frameworks */ = {isa = PBXBuildFile; fileRef = 28D801B30F44B63D00FB423F /* CoreData.framework */; };
		5718E72B117105DE0071C7D8 /* smallball.png in Resources */ = {isa = PBXBuildFile; fileRef = 5718E728117105DE0071C7D8 /* smallball.png */; };
		5718E72C117105DE0071C7D8 /* smallball3.png in Resources */ = {isa = PBXBuildFile; fileRef = 5718E729117105DE0071C7D8 /* smallball3.png */; };
		5718E72D117105DE0071C7D8 /* smallball4.png in Resources */ = {isa = PBXBuildFile; fileRef = 5718E72A117105DE0071C7D8 /* smallball4.png */; };
		5718E77C1172FBD80071C7D8 /* smallball_large.png in Resources */ = {isa = PBXBuildFile; fileRef = 5718E7791172FBD80071C7D8 /* smallball_large.png */; };
		5718E77D1172FBD80071C7D8 /* smallball3_large.png in Resources */ = {isa = PBXBuildFile; fileRef = 5718E77A1172FBD80071C7D8 /* smallball3_large.png */; };
		5718E77E1172FBD80071C7D8 /* smallball4_large.png in Resources */ = {isa = PBXBuildFile; fileRef = 5718E77B1172FBD80071C7D8 /* smallball4_large.png */; };
		571DBA0311311A3000D17167 /* MapViewController.m in Sources */ = {isa = PBXBuildFile; fileRef = 571DBA0211311A3000D17167 /* MapViewController.m */; };
		571DBA0511311A4E00D17167 /* MapKit.framework in Frameworks */ = {isa = PBXBuildFile; fileRef = 571DBA0411311A4E00D17167 /* MapKit.framework */; };
		571DBA9211311FCF00D17167 /* CoreLocation.framework in Frameworks */ = {isa = PBXBuildFile; fileRef = 571DBA9111311FCF00D17167 /* CoreLocation.framework */; };
		571DBBBD1131294C00D17167 /* LocationDelegate.m in Sources */ = {isa = PBXBuildFile; fileRef = 571DBBBC1131294C00D17167 /* LocationDelegate.m */; };
		571DBC591131E24A00D17167 /* MapViewDelegate.m in Sources */ = {isa = PBXBuildFile; fileRef = 571DBC581131E24A00D17167 /* MapViewDelegate.m */; };
		571DBC8D1131F81700D17167 /* PinAnnotation.m in Sources */ = {isa = PBXBuildFile; fileRef = 571DBC8C1131F81700D17167 /* PinAnnotation.m */; };
		571DBCEF11320A5D00D17167 /* libsqlite3.dylib in Frameworks */ = {isa = PBXBuildFile; fileRef = 571DBCEE11320A5D00D17167 /* libsqlite3.dylib */; };
		571DBCF211320AE300D17167 /* tennis.db in Resources */ = {isa = PBXBuildFile; fileRef = 571DBCF111320AE300D17167 /* tennis.db */; };
		575128D6116ADF47001BF241 /* CoreFoundation.framework in Frameworks */ = {isa = PBXBuildFile; fileRef = 575128D5116ADF47001BF241 /* CoreFoundation.framework */; };
		5751295A116AF58C001BF241 /* BallandCourtSmall.png in Resources */ = {isa = PBXBuildFile; fileRef = 57512959116AF58C001BF241 /* BallandCourtSmall.png */; };
		57512992116B007C001BF241 /* TennisDatabase.m in Sources */ = {isa = PBXBuildFile; fileRef = 57512991116B007C001BF241 /* TennisDatabase.m */; };
		577FE3C411328FE100072027 /* InformationViewController.m in Sources */ = {isa = PBXBuildFile; fileRef = 577FE3C311328FE100072027 /* InformationViewController.m */; };
		578E6475116D9D5A004B80F7 /* QuartzCore.framework in Frameworks */ = {isa = PBXBuildFile; fileRef = 578E6474116D9D5A004B80F7 /* QuartzCore.framework */; };
		578E6507116DA294004B80F7 /* AVFoundation.framework in Frameworks */ = {isa = PBXBuildFile; fileRef = 578E6506116DA294004B80F7 /* AVFoundation.framework */; };
		578E6509116DA294004B80F7 /* AudioToolbox.framework in Frameworks */ = {isa = PBXBuildFile; fileRef = 578E6508116DA294004B80F7 /* AudioToolbox.framework */; };
		57ACC2491169C7DC008A4A02 /* libTouchCustoms.a in Frameworks */ = {isa = PBXBuildFile; fileRef = 57ACC13D1169C326008A4A02 /* libTouchCustoms.a */; };
		57ACC2F61169CF0C008A4A02 /* small-star-halfselected.png in Resources */ = {isa = PBXBuildFile; fileRef = 57ACC2EB1169CF0C008A4A02 /* small-star-halfselected.png */; };
		57ACC2F71169CF0C008A4A02 /* small-star-highlighted.png in Resources */ = {isa = PBXBuildFile; fileRef = 57ACC2EC1169CF0C008A4A02 /* small-star-highlighted.png */; };
		57ACC2F81169CF0C008A4A02 /* small-star-hot.png in Resources */ = {isa = PBXBuildFile; fileRef = 57ACC2ED1169CF0C008A4A02 /* small-star-hot.png */; };
		57ACC2F91169CF0C008A4A02 /* small-star-nonselected.png in Resources */ = {isa = PBXBuildFile; fileRef = 57ACC2EE1169CF0C008A4A02 /* small-star-nonselected.png */; };
		57ACC2FA1169CF0C008A4A02 /* small-star-selected.png in Resources */ = {isa = PBXBuildFile; fileRef = 57ACC2EF1169CF0C008A4A02 /* small-star-selected.png */; };
		57ACC2FB1169CF0C008A4A02 /* star-halfselected.png in Resources */ = {isa = PBXBuildFile; fileRef = 57ACC2F01169CF0C008A4A02 /* star-halfselected.png */; };
		57ACC2FC1169CF0C008A4A02 /* star-highlighted.png in Resources */ = {isa = PBXBuildFile; fileRef = 57ACC2F11169CF0C008A4A02 /* star-highlighted.png */; };
		57ACC2FD1169CF0C008A4A02 /* star-hot.png in Resources */ = {isa = PBXBuildFile; fileRef = 57ACC2F21169CF0C008A4A02 /* star-hot.png */; };
		57ACC2FE1169CF0C008A4A02 /* star-nonselected.png in Resources */ = {isa = PBXBuildFile; fileRef = 57ACC2F31169CF0C008A4A02 /* star-nonselected.png */; };
		57ACC2FF1169CF0C008A4A02 /* star-selected.png in Resources */ = {isa = PBXBuildFile; fileRef = 57ACC2F41169CF0C008A4A02 /* star-selected.png */; };
		57ACC3001169CF0C008A4A02 /* star-userselected.png in Resources */ = {isa = PBXBuildFile; fileRef = 57ACC2F51169CF0C008A4A02 /* star-userselected.png */; };
		57B858E9116D802600F81F9B /* FilterViewController.m in Sources */ = {isa = PBXBuildFile; fileRef = 57B858E8116D802600F81F9B /* FilterViewController.m */; };
		57CC632B116C2CA60087F7EA /* TennisFilter.m in Sources */ = {isa = PBXBuildFile; fileRef = 57CC632A116C2CA60087F7EA /* TennisFilter.m */; };
		57CC6426116C5D650087F7EA /* 13-target.png in Resources */ = {isa = PBXBuildFile; fileRef = 57CC6424116C5D650087F7EA /* 13-target.png */; };
		57CC6427116C5D650087F7EA /* 19-gear.png in Resources */ = {isa = PBXBuildFile; fileRef = 57CC6425116C5D650087F7EA /* 19-gear.png */; };
		57CC64FE116D7BB50087F7EA /* libThree20.a in Frameworks */ = {isa = PBXBuildFile; fileRef = 57CC64F9116D7B6C0087F7EA /* libThree20.a */; };
		57FD4AD01183A53E0099DDCD /* Enlistments.plist in Resources */ = {isa = PBXBuildFile; fileRef = 57FD4ACF1183A53E0099DDCD /* Enlistments.plist */; };
		660465D9116EF5B000EBDC85 /* PBTouchOverlayView.m in Sources */ = {isa = PBXBuildFile; fileRef = 660465D8116EF5B000EBDC85 /* PBTouchOverlayView.m */; };
		6604664B116F031E00EBDC85 /* PBPinAnnotationView.m in Sources */ = {isa = PBXBuildFile; fileRef = 6604664A116F031E00EBDC85 /* PBPinAnnotationView.m */; };
		6693E94611C22A95000A56B9 /* PBHorizontalPicker.m in Sources */ = {isa = PBXBuildFile; fileRef = 6693E94511C22A95000A56B9 /* PBHorizontalPicker.m */; };
		6693E9C811C30FBE000A56B9 /* HorizontalPickerViewController.m in Sources */ = {isa = PBXBuildFile; fileRef = 6693E9C711C30FBE000A56B9 /* HorizontalPickerViewController.m */; };
		6693ECAF11C34FCB000A56B9 /* arrow.png in Resources */ = {isa = PBXBuildFile; fileRef = 6693ECA811C34FCB000A56B9 /* arrow.png */; };
		6693ECB011C34FCB000A56B9 /* light_off.png in Resources */ = {isa = PBXBuildFile; fileRef = 6693ECA911C34FCB000A56B9 /* light_off.png */; };
		6693ECB111C34FCB000A56B9 /* light_on.png in Resources */ = {isa = PBXBuildFile; fileRef = 6693ECAA11C34FCB000A56B9 /* light_on.png */; };
		6693ECB211C34FCB000A56B9 /* star_off.png in Resources */ = {isa = PBXBuildFile; fileRef = 6693ECAB11C34FCB000A56B9 /* star_off.png */; };
		6693ECB311C34FCB000A56B9 /* star_on.png in Resources */ = {isa = PBXBuildFile; fileRef = 6693ECAC11C34FCB000A56B9 /* star_on.png */; };
		6693ECB411C34FCB000A56B9 /* tennis_off.png in Resources */ = {isa = PBXBuildFile; fileRef = 6693ECAD11C34FCB000A56B9 /* tennis_off.png */; };
		6693ECB511C34FCB000A56B9 /* tennis_on.png in Resources */ = {isa = PBXBuildFile; fileRef = 6693ECAE11C34FCB000A56B9 /* tennis_on.png */; };
		6693EE0111C368EF000A56B9 /* PBInformationViewController2.m in Sources */ = {isa = PBXBuildFile; fileRef = 6693EE0011C368EF000A56B9 /* PBInformationViewController2.m */; };
		6693EEC511C37A97000A56B9 /* backboard_off.png in Resources */ = {isa = PBXBuildFile; fileRef = 6693EEBB11C37A97000A56B9 /* backboard_off.png */; };
		6693EEC611C37A97000A56B9 /* backboard_on.png in Resources */ = {isa = PBXBuildFile; fileRef = 6693EEBC11C37A97000A56B9 /* backboard_on.png */; };
		6693EEC711C37A97000A56B9 /* filter_off.png in Resources */ = {isa = PBXBuildFile; fileRef = 6693EEBD11C37A97000A56B9 /* filter_off.png */; };
		6693EEC811C37A97000A56B9 /* filter_on.png in Resources */ = {isa = PBXBuildFile; fileRef = 6693EEBE11C37A97000A56B9 /* filter_on.png */; };
		6693EEC911C37A97000A56B9 /* settings_off.png in Resources */ = {isa = PBXBuildFile; fileRef = 6693EEBF11C37A97000A56B9 /* settings_off.png */; };
		6693EECA11C37A97000A56B9 /* settings_on.png in Resources */ = {isa = PBXBuildFile; fileRef = 6693EEC011C37A97000A56B9 /* settings_on.png */; };
		6693EECB11C37A97000A56B9 /* star_large_off.png in Resources */ = {isa = PBXBuildFile; fileRef = 6693EEC111C37A97000A56B9 /* star_large_off.png */; };
		6693EECC11C37A97000A56B9 /* star_large_on.png in Resources */ = {isa = PBXBuildFile; fileRef = 6693EEC211C37A97000A56B9 /* star_large_on.png */; };
		6693EECD11C37A97000A56B9 /* target_off.png in Resources */ = {isa = PBXBuildFile; fileRef = 6693EEC311C37A97000A56B9 /* target_off.png */; };
		6693EECE11C37A97000A56B9 /* target_on.png in Resources */ = {isa = PBXBuildFile; fileRef = 6693EEC411C37A97000A56B9 /* target_on.png */; };
		6693F33811C45975000A56B9 /* PBFilterViewController2.m in Sources */ = {isa = PBXBuildFile; fileRef = 6693F33711C45975000A56B9 /* PBFilterViewController2.m */; };
		66AA1DEE1172F80B00FDB03B /* PBInformationView.m in Sources */ = {isa = PBXBuildFile; fileRef = 66AA1DED1172F80B00FDB03B /* PBInformationView.m */; };
		66C279EF116DAC3000B4F7D5 /* PBFilterView.m in Sources */ = {isa = PBXBuildFile; fileRef = 66C279EC116DAC3000B4F7D5 /* PBFilterView.m */; };
		66C279F0116DAC3000B4F7D5 /* PBToastView.m in Sources */ = {isa = PBXBuildFile; fileRef = 66C279EE116DAC3000B4F7D5 /* PBToastView.m */; };
/* End PBXBuildFile section */

/* Begin PBXContainerItemProxy section */
		57ACC13C1169C326008A4A02 /* PBXContainerItemProxy */ = {
			isa = PBXContainerItemProxy;
			containerPortal = 57ACC1381169C326008A4A02 /* TouchCustoms.xcodeproj */;
			proxyType = 2;
			remoteGlobalIDString = D2AAC07E0554694100DB518D;
			remoteInfo = TouchCustoms;
		};
		57ACC13F1169C33B008A4A02 /* PBXContainerItemProxy */ = {
			isa = PBXContainerItemProxy;
			containerPortal = 57ACC1381169C326008A4A02 /* TouchCustoms.xcodeproj */;
			proxyType = 1;
			remoteGlobalIDString = D2AAC07D0554694100DB518D;
			remoteInfo = TouchCustoms;
		};
		57CC64F8116D7B6C0087F7EA /* PBXContainerItemProxy */ = {
			isa = PBXContainerItemProxy;
			containerPortal = 57CC64F3116D7B6C0087F7EA /* Three20.xcodeproj */;
			proxyType = 2;
			remoteGlobalIDString = BEF31F3A0F352DF5000DE5D2;
			remoteInfo = Three20;
		};
		57CC64FA116D7B6C0087F7EA /* PBXContainerItemProxy */ = {
			isa = PBXContainerItemProxy;
			containerPortal = 57CC64F3116D7B6C0087F7EA /* Three20.xcodeproj */;
			proxyType = 2;
			remoteGlobalIDString = EB9E6C6210B6A8F800DE563C;
			remoteInfo = UnitTests;
		};
		57CC64FC116D7B910087F7EA /* PBXContainerItemProxy */ = {
			isa = PBXContainerItemProxy;
			containerPortal = 57CC64F3116D7B6C0087F7EA /* Three20.xcodeproj */;
			proxyType = 1;
			remoteGlobalIDString = BEF31F390F352DF5000DE5D2;
			remoteInfo = Three20;
		};
/* End PBXContainerItemProxy section */

/* Begin PBXFileReference section */
		1D30AB110D05D00D00671497 /* Foundation.framework */ = {isa = PBXFileReference; lastKnownFileType = wrapper.framework; name = Foundation.framework; path = System/Library/Frameworks/Foundation.framework; sourceTree = SDKROOT; };
		1D3623240D0F684500981E51 /* MapExplorationAppDelegate.h */ = {isa = PBXFileReference; fileEncoding = 4; lastKnownFileType = sourcecode.c.h; path = MapExplorationAppDelegate.h; sourceTree = "<group>"; };
		1D3623250D0F684500981E51 /* MapExplorationAppDelegate.m */ = {isa = PBXFileReference; fileEncoding = 4; lastKnownFileType = sourcecode.c.objc; path = MapExplorationAppDelegate.m; sourceTree = "<group>"; };
		1D6058910D05DD3D006BFB54 /* MapExploration.app */ = {isa = PBXFileReference; explicitFileType = wrapper.application; includeInIndex = 0; path = MapExploration.app; sourceTree = BUILT_PRODUCTS_DIR; };
		1DF5F4DF0D08C38300B7A737 /* UIKit.framework */ = {isa = PBXFileReference; lastKnownFileType = wrapper.framework; name = UIKit.framework; path = System/Library/Frameworks/UIKit.framework; sourceTree = SDKROOT; };
		288765A40DF7441C002DB57D /* CoreGraphics.framework */ = {isa = PBXFileReference; lastKnownFileType = wrapper.framework; name = CoreGraphics.framework; path = System/Library/Frameworks/CoreGraphics.framework; sourceTree = SDKROOT; };
		28C3AD890F43EF2300507BA6 /* MapExploration.xcdatamodel */ = {isa = PBXFileReference; fileEncoding = 4; lastKnownFileType = wrapper.xcdatamodel; path = MapExploration.xcdatamodel; sourceTree = "<group>"; };
		28D801B30F44B63D00FB423F /* CoreData.framework */ = {isa = PBXFileReference; lastKnownFileType = wrapper.framework; name = CoreData.framework; path = System/Library/Frameworks/CoreData.framework; sourceTree = SDKROOT; };
		29B97316FDCFA39411CA2CEA /* main.m */ = {isa = PBXFileReference; fileEncoding = 4; lastKnownFileType = sourcecode.c.objc; path = main.m; sourceTree = "<group>"; };
		32CA4F630368D1EE00C91783 /* MapExploration_Prefix.pch */ = {isa = PBXFileReference; fileEncoding = 4; lastKnownFileType = sourcecode.c.h; path = MapExploration_Prefix.pch; sourceTree = "<group>"; };
		5718E728117105DE0071C7D8 /* smallball.png */ = {isa = PBXFileReference; lastKnownFileType = image.png; name = smallball.png; path = Resources/Images/smallball.png; sourceTree = "<group>"; };
		5718E729117105DE0071C7D8 /* smallball3.png */ = {isa = PBXFileReference; lastKnownFileType = image.png; name = smallball3.png; path = Resources/Images/smallball3.png; sourceTree = "<group>"; };
		5718E72A117105DE0071C7D8 /* smallball4.png */ = {isa = PBXFileReference; lastKnownFileType = image.png; name = smallball4.png; path = Resources/Images/smallball4.png; sourceTree = "<group>"; };
		5718E7791172FBD80071C7D8 /* smallball_large.png */ = {isa = PBXFileReference; lastKnownFileType = image.png; name = smallball_large.png; path = Resources/Images/smallball_large.png; sourceTree = "<group>"; };
		5718E77A1172FBD80071C7D8 /* smallball3_large.png */ = {isa = PBXFileReference; lastKnownFileType = image.png; name = smallball3_large.png; path = Resources/Images/smallball3_large.png; sourceTree = "<group>"; };
		5718E77B1172FBD80071C7D8 /* smallball4_large.png */ = {isa = PBXFileReference; lastKnownFileType = image.png; name = smallball4_large.png; path = Resources/Images/smallball4_large.png; sourceTree = "<group>"; };
		571DBA0111311A3000D17167 /* MapViewController.h */ = {isa = PBXFileReference; fileEncoding = 4; lastKnownFileType = sourcecode.c.h; path = MapViewController.h; sourceTree = "<group>"; };
		571DBA0211311A3000D17167 /* MapViewController.m */ = {isa = PBXFileReference; fileEncoding = 4; lastKnownFileType = sourcecode.c.objc; path = MapViewController.m; sourceTree = "<group>"; };
		571DBA0411311A4E00D17167 /* MapKit.framework */ = {isa = PBXFileReference; lastKnownFileType = wrapper.framework; name = MapKit.framework; path = System/Library/Frameworks/MapKit.framework; sourceTree = SDKROOT; };
		571DBA9111311FCF00D17167 /* CoreLocation.framework */ = {isa = PBXFileReference; lastKnownFileType = wrapper.framework; name = CoreLocation.framework; path = System/Library/Frameworks/CoreLocation.framework; sourceTree = SDKROOT; };
		571DBBBB1131294C00D17167 /* LocationDelegate.h */ = {isa = PBXFileReference; fileEncoding = 4; lastKnownFileType = sourcecode.c.h; path = LocationDelegate.h; sourceTree = "<group>"; };
		571DBBBC1131294C00D17167 /* LocationDelegate.m */ = {isa = PBXFileReference; fileEncoding = 4; lastKnownFileType = sourcecode.c.objc; path = LocationDelegate.m; sourceTree = "<group>"; };
		571DBC571131E24A00D17167 /* MapViewDelegate.h */ = {isa = PBXFileReference; fileEncoding = 4; lastKnownFileType = sourcecode.c.h; path = MapViewDelegate.h; sourceTree = "<group>"; };
		571DBC581131E24A00D17167 /* MapViewDelegate.m */ = {isa = PBXFileReference; fileEncoding = 4; lastKnownFileType = sourcecode.c.objc; path = MapViewDelegate.m; sourceTree = "<group>"; };
		571DBC8B1131F81700D17167 /* PinAnnotation.h */ = {isa = PBXFileReference; fileEncoding = 4; lastKnownFileType = sourcecode.c.h; path = PinAnnotation.h; sourceTree = "<group>"; };
		571DBC8C1131F81700D17167 /* PinAnnotation.m */ = {isa = PBXFileReference; fileEncoding = 4; lastKnownFileType = sourcecode.c.objc; path = PinAnnotation.m; sourceTree = "<group>"; };
		571DBCEE11320A5D00D17167 /* libsqlite3.dylib */ = {isa = PBXFileReference; lastKnownFileType = "compiled.mach-o.dylib"; name = libsqlite3.dylib; path = usr/lib/libsqlite3.dylib; sourceTree = SDKROOT; };
		571DBCF111320AE300D17167 /* tennis.db */ = {isa = PBXFileReference; lastKnownFileType = file; path = tennis.db; sourceTree = "<group>"; };
		575128D5116ADF47001BF241 /* CoreFoundation.framework */ = {isa = PBXFileReference; lastKnownFileType = wrapper.framework; name = CoreFoundation.framework; path = System/Library/Frameworks/CoreFoundation.framework; sourceTree = SDKROOT; };
		57512959116AF58C001BF241 /* BallandCourtSmall.png */ = {isa = PBXFileReference; lastKnownFileType = image.png; name = BallandCourtSmall.png; path = Resources/Images/BallandCourtSmall.png; sourceTree = "<group>"; };
		57512990116B007C001BF241 /* TennisDatabase.h */ = {isa = PBXFileReference; fileEncoding = 4; lastKnownFileType = sourcecode.c.h; path = TennisDatabase.h; sourceTree = "<group>"; };
		57512991116B007C001BF241 /* TennisDatabase.m */ = {isa = PBXFileReference; fileEncoding = 4; lastKnownFileType = sourcecode.c.objc; path = TennisDatabase.m; sourceTree = "<group>"; };
		577FE3C211328FE100072027 /* InformationViewController.h */ = {isa = PBXFileReference; fileEncoding = 4; lastKnownFileType = sourcecode.c.h; path = InformationViewController.h; sourceTree = "<group>"; };
		577FE3C311328FE100072027 /* InformationViewController.m */ = {isa = PBXFileReference; fileEncoding = 4; lastKnownFileType = sourcecode.c.objc; path = InformationViewController.m; sourceTree = "<group>"; };
		578E6474116D9D5A004B80F7 /* QuartzCore.framework */ = {isa = PBXFileReference; lastKnownFileType = wrapper.framework; name = QuartzCore.framework; path = System/Library/Frameworks/QuartzCore.framework; sourceTree = SDKROOT; };
		578E6506116DA294004B80F7 /* AVFoundation.framework */ = {isa = PBXFileReference; lastKnownFileType = wrapper.framework; name = AVFoundation.framework; path = System/Library/Frameworks/AVFoundation.framework; sourceTree = SDKROOT; };
		578E6508116DA294004B80F7 /* AudioToolbox.framework */ = {isa = PBXFileReference; lastKnownFileType = wrapper.framework; name = AudioToolbox.framework; path = System/Library/Frameworks/AudioToolbox.framework; sourceTree = SDKROOT; };
		57ACC1381169C326008A4A02 /* TouchCustoms.xcodeproj */ = {isa = PBXFileReference; lastKnownFileType = "wrapper.pb-project"; name = TouchCustoms.xcodeproj; path = ../external/TouchCustoms/TouchCustoms.xcodeproj; sourceTree = SOURCE_ROOT; };
		57ACC2EB1169CF0C008A4A02 /* small-star-halfselected.png */ = {isa = PBXFileReference; lastKnownFileType = image.png; name = "small-star-halfselected.png"; path = "Resources/Images/small-star-halfselected.png"; sourceTree = "<group>"; };
		57ACC2EC1169CF0C008A4A02 /* small-star-highlighted.png */ = {isa = PBXFileReference; lastKnownFileType = image.png; name = "small-star-highlighted.png"; path = "Resources/Images/small-star-highlighted.png"; sourceTree = "<group>"; };
		57ACC2ED1169CF0C008A4A02 /* small-star-hot.png */ = {isa = PBXFileReference; lastKnownFileType = image.png; name = "small-star-hot.png"; path = "Resources/Images/small-star-hot.png"; sourceTree = "<group>"; };
		57ACC2EE1169CF0C008A4A02 /* small-star-nonselected.png */ = {isa = PBXFileReference; lastKnownFileType = image.png; name = "small-star-nonselected.png"; path = "Resources/Images/small-star-nonselected.png"; sourceTree = "<group>"; };
		57ACC2EF1169CF0C008A4A02 /* small-star-selected.png */ = {isa = PBXFileReference; lastKnownFileType = image.png; name = "small-star-selected.png"; path = "Resources/Images/small-star-selected.png"; sourceTree = "<group>"; };
		57ACC2F01169CF0C008A4A02 /* star-halfselected.png */ = {isa = PBXFileReference; lastKnownFileType = image.png; name = "star-halfselected.png"; path = "Resources/Images/star-halfselected.png"; sourceTree = "<group>"; };
		57ACC2F11169CF0C008A4A02 /* star-highlighted.png */ = {isa = PBXFileReference; lastKnownFileType = image.png; name = "star-highlighted.png"; path = "Resources/Images/star-highlighted.png"; sourceTree = "<group>"; };
		57ACC2F21169CF0C008A4A02 /* star-hot.png */ = {isa = PBXFileReference; lastKnownFileType = image.png; name = "star-hot.png"; path = "Resources/Images/star-hot.png"; sourceTree = "<group>"; };
		57ACC2F31169CF0C008A4A02 /* star-nonselected.png */ = {isa = PBXFileReference; lastKnownFileType = image.png; name = "star-nonselected.png"; path = "Resources/Images/star-nonselected.png"; sourceTree = "<group>"; };
		57ACC2F41169CF0C008A4A02 /* star-selected.png */ = {isa = PBXFileReference; lastKnownFileType = image.png; name = "star-selected.png"; path = "Resources/Images/star-selected.png"; sourceTree = "<group>"; };
		57ACC2F51169CF0C008A4A02 /* star-userselected.png */ = {isa = PBXFileReference; lastKnownFileType = image.png; name = "star-userselected.png"; path = "Resources/Images/star-userselected.png"; sourceTree = "<group>"; };
		57B858E7116D802600F81F9B /* FilterViewController.h */ = {isa = PBXFileReference; fileEncoding = 4; lastKnownFileType = sourcecode.c.h; path = FilterViewController.h; sourceTree = "<group>"; };
		57B858E8116D802600F81F9B /* FilterViewController.m */ = {isa = PBXFileReference; fileEncoding = 4; lastKnownFileType = sourcecode.c.objc; path = FilterViewController.m; sourceTree = "<group>"; };
		57CC6329116C2CA60087F7EA /* TennisFilter.h */ = {isa = PBXFileReference; fileEncoding = 4; lastKnownFileType = sourcecode.c.h; path = TennisFilter.h; sourceTree = "<group>"; };
		57CC632A116C2CA60087F7EA /* TennisFilter.m */ = {isa = PBXFileReference; fileEncoding = 4; lastKnownFileType = sourcecode.c.objc; path = TennisFilter.m; sourceTree = "<group>"; };
		57CC6424116C5D650087F7EA /* 13-target.png */ = {isa = PBXFileReference; lastKnownFileType = image.png; name = "13-target.png"; path = "Resources/Images/13-target.png"; sourceTree = "<group>"; };
		57CC6425116C5D650087F7EA /* 19-gear.png */ = {isa = PBXFileReference; lastKnownFileType = image.png; name = "19-gear.png"; path = "Resources/Images/19-gear.png"; sourceTree = "<group>"; };
		57CC64F3116D7B6C0087F7EA /* Three20.xcodeproj */ = {isa = PBXFileReference; lastKnownFileType = "wrapper.pb-project"; name = Three20.xcodeproj; path = ../external/Three20/src/Three20.xcodeproj; sourceTree = SOURCE_ROOT; };
		57FD4ACF1183A53E0099DDCD /* Enlistments.plist */ = {isa = PBXFileReference; fileEncoding = 4; lastKnownFileType = text.plist.xml; path = Enlistments.plist; sourceTree = "<group>"; };
		660465D7116EF5B000EBDC85 /* PBTouchOverlayView.h */ = {isa = PBXFileReference; fileEncoding = 4; lastKnownFileType = sourcecode.c.h; path = PBTouchOverlayView.h; sourceTree = "<group>"; };
		660465D8116EF5B000EBDC85 /* PBTouchOverlayView.m */ = {isa = PBXFileReference; fileEncoding = 4; lastKnownFileType = sourcecode.c.objc; path = PBTouchOverlayView.m; sourceTree = "<group>"; };
		66046649116F031E00EBDC85 /* PBPinAnnotationView.h */ = {isa = PBXFileReference; fileEncoding = 4; lastKnownFileType = sourcecode.c.h; path = PBPinAnnotationView.h; sourceTree = "<group>"; };
		6604664A116F031E00EBDC85 /* PBPinAnnotationView.m */ = {isa = PBXFileReference; fileEncoding = 4; lastKnownFileType = sourcecode.c.objc; path = PBPinAnnotationView.m; sourceTree = "<group>"; };
		6693E94411C22A95000A56B9 /* PBHorizontalPicker.h */ = {isa = PBXFileReference; fileEncoding = 4; lastKnownFileType = sourcecode.c.h; path = PBHorizontalPicker.h; sourceTree = "<group>"; };
		6693E94511C22A95000A56B9 /* PBHorizontalPicker.m */ = {isa = PBXFileReference; fileEncoding = 4; lastKnownFileType = sourcecode.c.objc; path = PBHorizontalPicker.m; sourceTree = "<group>"; };
		6693E9C611C30FBE000A56B9 /* HorizontalPickerViewController.h */ = {isa = PBXFileReference; fileEncoding = 4; lastKnownFileType = sourcecode.c.h; path = HorizontalPickerViewController.h; sourceTree = "<group>"; };
		6693E9C711C30FBE000A56B9 /* HorizontalPickerViewController.m */ = {isa = PBXFileReference; fileEncoding = 4; lastKnownFileType = sourcecode.c.objc; path = HorizontalPickerViewController.m; sourceTree = "<group>"; };
		6693ECA811C34FCB000A56B9 /* arrow.png */ = {isa = PBXFileReference; lastKnownFileType = image.png; name = arrow.png; path = Resources/Images/arrow.png; sourceTree = "<group>"; };
		6693ECA911C34FCB000A56B9 /* light_off.png */ = {isa = PBXFileReference; lastKnownFileType = image.png; name = light_off.png; path = Resources/Images/light_off.png; sourceTree = "<group>"; };
		6693ECAA11C34FCB000A56B9 /* light_on.png */ = {isa = PBXFileReference; lastKnownFileType = image.png; name = light_on.png; path = Resources/Images/light_on.png; sourceTree = "<group>"; };
		6693ECAB11C34FCB000A56B9 /* star_off.png */ = {isa = PBXFileReference; lastKnownFileType = image.png; name = star_off.png; path = Resources/Images/star_off.png; sourceTree = "<group>"; };
		6693ECAC11C34FCB000A56B9 /* star_on.png */ = {isa = PBXFileReference; lastKnownFileType = image.png; name = star_on.png; path = Resources/Images/star_on.png; sourceTree = "<group>"; };
		6693ECAD11C34FCB000A56B9 /* tennis_off.png */ = {isa = PBXFileReference; lastKnownFileType = image.png; name = tennis_off.png; path = Resources/Images/tennis_off.png; sourceTree = "<group>"; };
		6693ECAE11C34FCB000A56B9 /* tennis_on.png */ = {isa = PBXFileReference; lastKnownFileType = image.png; name = tennis_on.png; path = Resources/Images/tennis_on.png; sourceTree = "<group>"; };
		6693EDFF11C368EF000A56B9 /* PBInformationViewController2.h */ = {isa = PBXFileReference; fileEncoding = 4; lastKnownFileType = sourcecode.c.h; path = PBInformationViewController2.h; sourceTree = "<group>"; };
		6693EE0011C368EF000A56B9 /* PBInformationViewController2.m */ = {isa = PBXFileReference; fileEncoding = 4; lastKnownFileType = sourcecode.c.objc; path = PBInformationViewController2.m; sourceTree = "<group>"; };
		6693EEBB11C37A97000A56B9 /* backboard_off.png */ = {isa = PBXFileReference; lastKnownFileType = image.png; name = backboard_off.png; path = Resources/Images/backboard_off.png; sourceTree = "<group>"; };
		6693EEBC11C37A97000A56B9 /* backboard_on.png */ = {isa = PBXFileReference; lastKnownFileType = image.png; name = backboard_on.png; path = Resources/Images/backboard_on.png; sourceTree = "<group>"; };
		6693EEBD11C37A97000A56B9 /* filter_off.png */ = {isa = PBXFileReference; lastKnownFileType = image.png; name = filter_off.png; path = Resources/Images/filter_off.png; sourceTree = "<group>"; };
		6693EEBE11C37A97000A56B9 /* filter_on.png */ = {isa = PBXFileReference; lastKnownFileType = image.png; name = filter_on.png; path = Resources/Images/filter_on.png; sourceTree = "<group>"; };
		6693EEBF11C37A97000A56B9 /* settings_off.png */ = {isa = PBXFileReference; lastKnownFileType = image.png; name = settings_off.png; path = Resources/Images/settings_off.png; sourceTree = "<group>"; };
		6693EEC011C37A97000A56B9 /* settings_on.png */ = {isa = PBXFileReference; lastKnownFileType = image.png; name = settings_on.png; path = Resources/Images/settings_on.png; sourceTree = "<group>"; };
		6693EEC111C37A97000A56B9 /* star_large_off.png */ = {isa = PBXFileReference; lastKnownFileType = image.png; name = star_large_off.png; path = Resources/Images/star_large_off.png; sourceTree = "<group>"; };
		6693EEC211C37A97000A56B9 /* star_large_on.png */ = {isa = PBXFileReference; lastKnownFileType = image.png; name = star_large_on.png; path = Resources/Images/star_large_on.png; sourceTree = "<group>"; };
		6693EEC311C37A97000A56B9 /* target_off.png */ = {isa = PBXFileReference; lastKnownFileType = image.png; name = target_off.png; path = Resources/Images/target_off.png; sourceTree = "<group>"; };
		6693EEC411C37A97000A56B9 /* target_on.png */ = {isa = PBXFileReference; lastKnownFileType = image.png; name = target_on.png; path = Resources/Images/target_on.png; sourceTree = "<group>"; };
		6693F33611C45975000A56B9 /* PBFilterViewController2.h */ = {isa = PBXFileReference; fileEncoding = 4; lastKnownFileType = sourcecode.c.h; path = PBFilterViewController2.h; sourceTree = "<group>"; };
		6693F33711C45975000A56B9 /* PBFilterViewController2.m */ = {isa = PBXFileReference; fileEncoding = 4; lastKnownFileType = sourcecode.c.objc; path = PBFilterViewController2.m; sourceTree = "<group>"; };
		66AA1DEC1172F80B00FDB03B /* PBInformationView.h */ = {isa = PBXFileReference; fileEncoding = 4; lastKnownFileType = sourcecode.c.h; path = PBInformationView.h; sourceTree = "<group>"; };
		66AA1DED1172F80B00FDB03B /* PBInformationView.m */ = {isa = PBXFileReference; fileEncoding = 4; lastKnownFileType = sourcecode.c.objc; path = PBInformationView.m; sourceTree = "<group>"; };
		66C279EB116DAC3000B4F7D5 /* PBFilterView.h */ = {isa = PBXFileReference; fileEncoding = 4; lastKnownFileType = sourcecode.c.h; path = PBFilterView.h; sourceTree = "<group>"; };
		66C279EC116DAC3000B4F7D5 /* PBFilterView.m */ = {isa = PBXFileReference; fileEncoding = 4; lastKnownFileType = sourcecode.c.objc; path = PBFilterView.m; sourceTree = "<group>"; };
		66C279ED116DAC3000B4F7D5 /* PBToastView.h */ = {isa = PBXFileReference; fileEncoding = 4; lastKnownFileType = sourcecode.c.h; path = PBToastView.h; sourceTree = "<group>"; };
		66C279EE116DAC3000B4F7D5 /* PBToastView.m */ = {isa = PBXFileReference; fileEncoding = 4; lastKnownFileType = sourcecode.c.objc; path = PBToastView.m; sourceTree = "<group>"; };
		8D1107310486CEB800E47090 /* MapExploration-Info.plist */ = {isa = PBXFileReference; fileEncoding = 4; lastKnownFileType = text.plist.xml; path = "MapExploration-Info.plist"; sourceTree = "<group>"; };
/* End PBXFileReference section */

/* Begin PBXFrameworksBuildPhase section */
		1D60588F0D05DD3D006BFB54 /* Frameworks */ = {
			isa = PBXFrameworksBuildPhase;
			buildActionMask = 2147483647;
			files = (
				57CC64FE116D7BB50087F7EA /* libThree20.a in Frameworks */,
				57ACC2491169C7DC008A4A02 /* libTouchCustoms.a in Frameworks */,
				1D60589F0D05DD5A006BFB54 /* Foundation.framework in Frameworks */,
				1DF5F4E00D08C38300B7A737 /* UIKit.framework in Frameworks */,
				288765A50DF7441C002DB57D /* CoreGraphics.framework in Frameworks */,
				28D801B40F44B63D00FB423F /* CoreData.framework in Frameworks */,
				571DBA0511311A4E00D17167 /* MapKit.framework in Frameworks */,
				571DBA9211311FCF00D17167 /* CoreLocation.framework in Frameworks */,
				571DBCEF11320A5D00D17167 /* libsqlite3.dylib in Frameworks */,
				575128D6116ADF47001BF241 /* CoreFoundation.framework in Frameworks */,
				578E6475116D9D5A004B80F7 /* QuartzCore.framework in Frameworks */,
				578E6507116DA294004B80F7 /* AVFoundation.framework in Frameworks */,
				578E6509116DA294004B80F7 /* AudioToolbox.framework in Frameworks */,
			);
			runOnlyForDeploymentPostprocessing = 0;
		};
/* End PBXFrameworksBuildPhase section */

/* Begin PBXGroup section */
		080E96DDFE201D6D7F000001 /* Classes */ = {
			isa = PBXGroup;
			children = (
				6693F33611C45975000A56B9 /* PBFilterViewController2.h */,
				6693F33711C45975000A56B9 /* PBFilterViewController2.m */,
				6693E9C611C30FBE000A56B9 /* HorizontalPickerViewController.h */,
				6693E9C711C30FBE000A56B9 /* HorizontalPickerViewController.m */,
				6693E94411C22A95000A56B9 /* PBHorizontalPicker.h */,
				6693E94511C22A95000A56B9 /* PBHorizontalPicker.m */,
				66C279EB116DAC3000B4F7D5 /* PBFilterView.h */,
				66C279EC116DAC3000B4F7D5 /* PBFilterView.m */,
				66C279ED116DAC3000B4F7D5 /* PBToastView.h */,
				66C279EE116DAC3000B4F7D5 /* PBToastView.m */,
				66AA1DEC1172F80B00FDB03B /* PBInformationView.h */,
				66AA1DED1172F80B00FDB03B /* PBInformationView.m */,
				57B858E7116D802600F81F9B /* FilterViewController.h */,
				57B858E8116D802600F81F9B /* FilterViewController.m */,
				577FE3C211328FE100072027 /* InformationViewController.h */,
				577FE3C311328FE100072027 /* InformationViewController.m */,
				1D3623240D0F684500981E51 /* MapExplorationAppDelegate.h */,
				1D3623250D0F684500981E51 /* MapExplorationAppDelegate.m */,
				571DBC571131E24A00D17167 /* MapViewDelegate.h */,
				571DBC581131E24A00D17167 /* MapViewDelegate.m */,
				571DBA0111311A3000D17167 /* MapViewController.h */,
				571DBA0211311A3000D17167 /* MapViewController.m */,
				571DBBBB1131294C00D17167 /* LocationDelegate.h */,
				571DBBBC1131294C00D17167 /* LocationDelegate.m */,
				571DBC8B1131F81700D17167 /* PinAnnotation.h */,
				571DBC8C1131F81700D17167 /* PinAnnotation.m */,
				57512990116B007C001BF241 /* TennisDatabase.h */,
				57512991116B007C001BF241 /* TennisDatabase.m */,
				57CC6329116C2CA60087F7EA /* TennisFilter.h */,
				57CC632A116C2CA60087F7EA /* TennisFilter.m */,
				660465D7116EF5B000EBDC85 /* PBTouchOverlayView.h */,
				660465D8116EF5B000EBDC85 /* PBTouchOverlayView.m */,
				66046649116F031E00EBDC85 /* PBPinAnnotationView.h */,
				6604664A116F031E00EBDC85 /* PBPinAnnotationView.m */,
				6693EDFF11C368EF000A56B9 /* PBInformationViewController2.h */,
				6693EE0011C368EF000A56B9 /* PBInformationViewController2.m */,
			);
			path = Classes;
			sourceTree = "<group>";
		};
		19C28FACFE9D520D11CA2CBB /* Products */ = {
			isa = PBXGroup;
			children = (
				1D6058910D05DD3D006BFB54 /* MapExploration.app */,
			);
			name = Products;
			sourceTree = "<group>";
		};
		29B97314FDCFA39411CA2CEA /* CustomTemplate */ = {
			isa = PBXGroup;
			children = (
				080E96DDFE201D6D7F000001 /* Classes */,
				29B97315FDCFA39411CA2CEA /* Other Sources */,
				29B97317FDCFA39411CA2CEA /* Resources */,
				29B97323FDCFA39411CA2CEA /* Frameworks */,
				571DBCEE11320A5D00D17167 /* libsqlite3.dylib */,
				19C28FACFE9D520D11CA2CBB /* Products */,
			);
			name = CustomTemplate;
			sourceTree = "<group>";
		};
		29B97315FDCFA39411CA2CEA /* Other Sources */ = {
			isa = PBXGroup;
			children = (
				32CA4F630368D1EE00C91783 /* MapExploration_Prefix.pch */,
				29B97316FDCFA39411CA2CEA /* main.m */,
			);
			name = "Other Sources";
			sourceTree = "<group>";
		};
		29B97317FDCFA39411CA2CEA /* Resources */ = {
			isa = PBXGroup;
			children = (
				6693EEBB11C37A97000A56B9 /* backboard_off.png */,
				6693EEBC11C37A97000A56B9 /* backboard_on.png */,
				6693EEBD11C37A97000A56B9 /* filter_off.png */,
				6693EEBE11C37A97000A56B9 /* filter_on.png */,
				6693EEBF11C37A97000A56B9 /* settings_off.png */,
				6693EEC011C37A97000A56B9 /* settings_on.png */,
				6693EEC111C37A97000A56B9 /* star_large_off.png */,
				6693EEC211C37A97000A56B9 /* star_large_on.png */,
				6693EEC311C37A97000A56B9 /* target_off.png */,
				6693EEC411C37A97000A56B9 /* target_on.png */,
				6693ECA811C34FCB000A56B9 /* arrow.png */,
				6693ECA911C34FCB000A56B9 /* light_off.png */,
				6693ECAA11C34FCB000A56B9 /* light_on.png */,
				6693ECAB11C34FCB000A56B9 /* star_off.png */,
				6693ECAC11C34FCB000A56B9 /* star_on.png */,
				6693ECAD11C34FCB000A56B9 /* tennis_off.png */,
				6693ECAE11C34FCB000A56B9 /* tennis_on.png */,
				57FD4ACF1183A53E0099DDCD /* Enlistments.plist */,
				5718E7791172FBD80071C7D8 /* smallball_large.png */,
				5718E77A1172FBD80071C7D8 /* smallball3_large.png */,
				5718E77B1172FBD80071C7D8 /* smallball4_large.png */,
				5718E728117105DE0071C7D8 /* smallball.png */,
				5718E729117105DE0071C7D8 /* smallball3.png */,
				5718E72A117105DE0071C7D8 /* smallball4.png */,
				57CC6424116C5D650087F7EA /* 13-target.png */,
				57CC6425116C5D650087F7EA /* 19-gear.png */,
				57512959116AF58C001BF241 /* BallandCourtSmall.png */,
				57ACC2EB1169CF0C008A4A02 /* small-star-halfselected.png */,
				57ACC2EC1169CF0C008A4A02 /* small-star-highlighted.png */,
				57ACC2ED1169CF0C008A4A02 /* small-star-hot.png */,
				57ACC2EE1169CF0C008A4A02 /* small-star-nonselected.png */,
				57ACC2EF1169CF0C008A4A02 /* small-star-selected.png */,
				57ACC2F01169CF0C008A4A02 /* star-halfselected.png */,
				57ACC2F11169CF0C008A4A02 /* star-highlighted.png */,
				57ACC2F21169CF0C008A4A02 /* star-hot.png */,
				57ACC2F31169CF0C008A4A02 /* star-nonselected.png */,
				57ACC2F41169CF0C008A4A02 /* star-selected.png */,
				57ACC2F51169CF0C008A4A02 /* star-userselected.png */,
				571DBCF111320AE300D17167 /* tennis.db */,
				28C3AD890F43EF2300507BA6 /* MapExploration.xcdatamodel */,
				8D1107310486CEB800E47090 /* MapExploration-Info.plist */,
			);
			name = Resources;
			sourceTree = "<group>";
		};
		29B97323FDCFA39411CA2CEA /* Frameworks */ = {
			isa = PBXGroup;
			children = (
				57CC64F3116D7B6C0087F7EA /* Three20.xcodeproj */,
				57ACC1381169C326008A4A02 /* TouchCustoms.xcodeproj */,
				1DF5F4DF0D08C38300B7A737 /* UIKit.framework */,
				1D30AB110D05D00D00671497 /* Foundation.framework */,
				288765A40DF7441C002DB57D /* CoreGraphics.framework */,
				28D801B30F44B63D00FB423F /* CoreData.framework */,
				571DBA0411311A4E00D17167 /* MapKit.framework */,
				571DBA9111311FCF00D17167 /* CoreLocation.framework */,
				575128D5116ADF47001BF241 /* CoreFoundation.framework */,
				578E6474116D9D5A004B80F7 /* QuartzCore.framework */,
				578E6506116DA294004B80F7 /* AVFoundation.framework */,
				578E6508116DA294004B80F7 /* AudioToolbox.framework */,
			);
			name = Frameworks;
			sourceTree = "<group>";
		};
		57ACC1391169C326008A4A02 /* Products */ = {
			isa = PBXGroup;
			children = (
				57ACC13D1169C326008A4A02 /* libTouchCustoms.a */,
			);
			name = Products;
			sourceTree = "<group>";
		};
		57CC64F4116D7B6C0087F7EA /* Products */ = {
			isa = PBXGroup;
			children = (
				57CC64F9116D7B6C0087F7EA /* libThree20.a */,
				57CC64FB116D7B6C0087F7EA /* UnitTests.octest */,
			);
			name = Products;
			sourceTree = "<group>";
		};
/* End PBXGroup section */

/* Begin PBXNativeTarget section */
		1D6058900D05DD3D006BFB54 /* MapExploration */ = {
			isa = PBXNativeTarget;
			buildConfigurationList = 1D6058960D05DD3E006BFB54 /* Build configuration list for PBXNativeTarget "MapExploration" */;
			buildPhases = (
				1D60588D0D05DD3D006BFB54 /* Resources */,
				1D60588E0D05DD3D006BFB54 /* Sources */,
				1D60588F0D05DD3D006BFB54 /* Frameworks */,
			);
			buildRules = (
			);
			dependencies = (
				57ACC1401169C33B008A4A02 /* PBXTargetDependency */,
				57CC64FD116D7B910087F7EA /* PBXTargetDependency */,
			);
			name = MapExploration;
			productName = MapExploration;
			productReference = 1D6058910D05DD3D006BFB54 /* MapExploration.app */;
			productType = "com.apple.product-type.application";
		};
/* End PBXNativeTarget section */

/* Begin PBXProject section */
		29B97313FDCFA39411CA2CEA /* Project object */ = {
			isa = PBXProject;
			buildConfigurationList = C01FCF4E08A954540054247B /* Build configuration list for PBXProject "MapExploration" */;
			compatibilityVersion = "Xcode 3.1";
			hasScannedForEncodings = 1;
			mainGroup = 29B97314FDCFA39411CA2CEA /* CustomTemplate */;
			projectDirPath = "";
			projectReferences = (
				{
					ProductGroup = 57CC64F4116D7B6C0087F7EA /* Products */;
					ProjectRef = 57CC64F3116D7B6C0087F7EA /* Three20.xcodeproj */;
				},
				{
					ProductGroup = 57ACC1391169C326008A4A02 /* Products */;
					ProjectRef = 57ACC1381169C326008A4A02 /* TouchCustoms.xcodeproj */;
				},
			);
			projectRoot = "";
			targets = (
				1D6058900D05DD3D006BFB54 /* MapExploration */,
			);
		};
/* End PBXProject section */

/* Begin PBXReferenceProxy section */
		57ACC13D1169C326008A4A02 /* libTouchCustoms.a */ = {
			isa = PBXReferenceProxy;
			fileType = archive.ar;
			path = libTouchCustoms.a;
			remoteRef = 57ACC13C1169C326008A4A02 /* PBXContainerItemProxy */;
			sourceTree = BUILT_PRODUCTS_DIR;
		};
		57CC64F9116D7B6C0087F7EA /* libThree20.a */ = {
			isa = PBXReferenceProxy;
			fileType = archive.ar;
			path = libThree20.a;
			remoteRef = 57CC64F8116D7B6C0087F7EA /* PBXContainerItemProxy */;
			sourceTree = BUILT_PRODUCTS_DIR;
		};
		57CC64FB116D7B6C0087F7EA /* UnitTests.octest */ = {
			isa = PBXReferenceProxy;
			fileType = wrapper.cfbundle;
			path = UnitTests.octest;
			remoteRef = 57CC64FA116D7B6C0087F7EA /* PBXContainerItemProxy */;
			sourceTree = BUILT_PRODUCTS_DIR;
		};
/* End PBXReferenceProxy section */

/* Begin PBXResourcesBuildPhase section */
		1D60588D0D05DD3D006BFB54 /* Resources */ = {
			isa = PBXResourcesBuildPhase;
			buildActionMask = 2147483647;
			files = (
				571DBCF211320AE300D17167 /* tennis.db in Resources */,
				57ACC2F61169CF0C008A4A02 /* small-star-halfselected.png in Resources */,
				57ACC2F71169CF0C008A4A02 /* small-star-highlighted.png in Resources */,
				57ACC2F81169CF0C008A4A02 /* small-star-hot.png in Resources */,
				57ACC2F91169CF0C008A4A02 /* small-star-nonselected.png in Resources */,
				57ACC2FA1169CF0C008A4A02 /* small-star-selected.png in Resources */,
				57ACC2FB1169CF0C008A4A02 /* star-halfselected.png in Resources */,
				57ACC2FC1169CF0C008A4A02 /* star-highlighted.png in Resources */,
				57ACC2FD1169CF0C008A4A02 /* star-hot.png in Resources */,
				57ACC2FE1169CF0C008A4A02 /* star-nonselected.png in Resources */,
				57ACC2FF1169CF0C008A4A02 /* star-selected.png in Resources */,
				57ACC3001169CF0C008A4A02 /* star-userselected.png in Resources */,
				5751295A116AF58C001BF241 /* BallandCourtSmall.png in Resources */,
				57CC6426116C5D650087F7EA /* 13-target.png in Resources */,
				57CC6427116C5D650087F7EA /* 19-gear.png in Resources */,
				5718E72B117105DE0071C7D8 /* smallball.png in Resources */,
				5718E72C117105DE0071C7D8 /* smallball3.png in Resources */,
				5718E72D117105DE0071C7D8 /* smallball4.png in Resources */,
				5718E77C1172FBD80071C7D8 /* smallball_large.png in Resources */,
				5718E77D1172FBD80071C7D8 /* smallball3_large.png in Resources */,
				5718E77E1172FBD80071C7D8 /* smallball4_large.png in Resources */,
				57FD4AD01183A53E0099DDCD /* Enlistments.plist in Resources */,
				6693ECAF11C34FCB000A56B9 /* arrow.png in Resources */,
				6693ECB011C34FCB000A56B9 /* light_off.png in Resources */,
				6693ECB111C34FCB000A56B9 /* light_on.png in Resources */,
				6693ECB211C34FCB000A56B9 /* star_off.png in Resources */,
				6693ECB311C34FCB000A56B9 /* star_on.png in Resources */,
				6693ECB411C34FCB000A56B9 /* tennis_off.png in Resources */,
				6693ECB511C34FCB000A56B9 /* tennis_on.png in Resources */,
				6693EEC511C37A97000A56B9 /* backboard_off.png in Resources */,
				6693EEC611C37A97000A56B9 /* backboard_on.png in Resources */,
				6693EEC711C37A97000A56B9 /* filter_off.png in Resources */,
				6693EEC811C37A97000A56B9 /* filter_on.png in Resources */,
				6693EEC911C37A97000A56B9 /* settings_off.png in Resources */,
				6693EECA11C37A97000A56B9 /* settings_on.png in Resources */,
				6693EECB11C37A97000A56B9 /* star_large_off.png in Resources */,
				6693EECC11C37A97000A56B9 /* star_large_on.png in Resources */,
				6693EECD11C37A97000A56B9 /* target_off.png in Resources */,
				6693EECE11C37A97000A56B9 /* target_on.png in Resources */,
			);
			runOnlyForDeploymentPostprocessing = 0;
		};
/* End PBXResourcesBuildPhase section */

/* Begin PBXSourcesBuildPhase section */
		1D60588E0D05DD3D006BFB54 /* Sources */ = {
			isa = PBXSourcesBuildPhase;
			buildActionMask = 2147483647;
			files = (
				1D60589B0D05DD56006BFB54 /* main.m in Sources */,
				1D3623260D0F684500981E51 /* MapExplorationAppDelegate.m in Sources */,
				28C3AD8A0F43EF2300507BA6 /* MapExploration.xcdatamodel in Sources */,
				571DBA0311311A3000D17167 /* MapViewController.m in Sources */,
				571DBBBD1131294C00D17167 /* LocationDelegate.m in Sources */,
				571DBC591131E24A00D17167 /* MapViewDelegate.m in Sources */,
				571DBC8D1131F81700D17167 /* PinAnnotation.m in Sources */,
				577FE3C411328FE100072027 /* InformationViewController.m in Sources */,
				57512992116B007C001BF241 /* TennisDatabase.m in Sources */,
				57CC632B116C2CA60087F7EA /* TennisFilter.m in Sources */,
				57B858E9116D802600F81F9B /* FilterViewController.m in Sources */,
				66C279EF116DAC3000B4F7D5 /* PBFilterView.m in Sources */,
				66C279F0116DAC3000B4F7D5 /* PBToastView.m in Sources */,
				660465D9116EF5B000EBDC85 /* PBTouchOverlayView.m in Sources */,
				6604664B116F031E00EBDC85 /* PBPinAnnotationView.m in Sources */,
				66AA1DEE1172F80B00FDB03B /* PBInformationView.m in Sources */,
				6693E94611C22A95000A56B9 /* PBHorizontalPicker.m in Sources */,
				6693E9C811C30FBE000A56B9 /* HorizontalPickerViewController.m in Sources */,
				6693EE0111C368EF000A56B9 /* PBInformationViewController2.m in Sources */,
				6693F33811C45975000A56B9 /* PBFilterViewController2.m in Sources */,
			);
			runOnlyForDeploymentPostprocessing = 0;
		};
/* End PBXSourcesBuildPhase section */

/* Begin PBXTargetDependency section */
		57ACC1401169C33B008A4A02 /* PBXTargetDependency */ = {
			isa = PBXTargetDependency;
			name = TouchCustoms;
			targetProxy = 57ACC13F1169C33B008A4A02 /* PBXContainerItemProxy */;
		};
		57CC64FD116D7B910087F7EA /* PBXTargetDependency */ = {
			isa = PBXTargetDependency;
			name = Three20;
			targetProxy = 57CC64FC116D7B910087F7EA /* PBXContainerItemProxy */;
		};
/* End PBXTargetDependency section */

/* Begin XCBuildConfiguration section */
		1D6058940D05DD3E006BFB54 /* Debug */ = {
			isa = XCBuildConfiguration;
			buildSettings = {
				ALWAYS_SEARCH_USER_PATHS = NO;
				"CODE_SIGN_IDENTITY[sdk=iphoneos*]" = "iPhone Developer: Aurojit Panda (77Q22PUTHZ)";
				COPY_PHASE_STRIP = NO;
				FRAMEWORK_SEARCH_PATHS = (
					"$(inherited)",
					"\"/Volumes/Skiiing2/CD/ViewBased/Unknown Path/System/Library/Frameworks\"",
				);
				GCC_DYNAMIC_NO_PIC = NO;
				GCC_OPTIMIZATION_LEVEL = 0;
				GCC_PRECOMPILE_PREFIX_HEADER = YES;
				GCC_PREFIX_HEADER = MapExploration_Prefix.pch;
				HEADER_SEARCH_PATHS = (
					../external/Three20/src,
					"../external/TouchCustoms/Classes/**",
				);
				INFOPLIST_FILE = "MapExploration-Info.plist";
				OTHER_LDFLAGS = (
					"-all_load",
					"-ObjC",
				);
				PRODUCT_NAME = MapExploration;
				"PROVISIONING_PROFILE[sdk=iphoneos*]" = "57E6E2A5-F36D-4328-B5BD-AF59D22A1255";
			};
			name = Debug;
		};
		1D6058950D05DD3E006BFB54 /* Release */ = {
			isa = XCBuildConfiguration;
			buildSettings = {
				ALWAYS_SEARCH_USER_PATHS = NO;
				"CODE_SIGN_IDENTITY[sdk=iphoneos*]" = "iPhone Developer: Aurojit Panda (77Q22PUTHZ)";
				COPY_PHASE_STRIP = YES;
				FRAMEWORK_SEARCH_PATHS = (
					"$(inherited)",
					"\"/Volumes/Skiiing2/CD/ViewBased/Unknown Path/System/Library/Frameworks\"",
				);
				GCC_PRECOMPILE_PREFIX_HEADER = YES;
				GCC_PREFIX_HEADER = MapExploration_Prefix.pch;
				HEADER_SEARCH_PATHS = (
					../external/Three20/src,
					"../external/TouchCustoms/Classes/**",
				);
				INFOPLIST_FILE = "MapExploration-Info.plist";
				OTHER_LDFLAGS = (
					"-all_load",
					"-ObjC",
				);
				PRODUCT_NAME = MapExploration;
				"PROVISIONING_PROFILE[sdk=iphoneos*]" = "57E6E2A5-F36D-4328-B5BD-AF59D22A1255";
			};
			name = Release;
		};
		57FD4AC71183A45E0099DDCD /* Distribution */ = {
			isa = XCBuildConfiguration;
			buildSettings = {
				ARCHS = "$(ARCHS_STANDARD_32_BIT)";
				"CODE_SIGN_IDENTITY[sdk=iphoneos*]" = "iPhone Developer";
				GCC_C_LANGUAGE_STANDARD = c99;
				GCC_WARN_ABOUT_RETURN_TYPE = YES;
				GCC_WARN_UNUSED_VARIABLE = YES;
				PREBINDING = NO;
				SDKROOT = iphoneos3.1.2;
			};
			name = Distribution;
		};
		57FD4AC81183A45E0099DDCD /* Distribution */ = {
			isa = XCBuildConfiguration;
			buildSettings = {
				ALWAYS_SEARCH_USER_PATHS = NO;
				CODE_SIGN_ENTITLEMENTS = Enlistments.plist;
				"CODE_SIGN_IDENTITY[sdk=iphoneos*]" = "iPhone Distribution: Aurojit Panda";
				COPY_PHASE_STRIP = YES;
				FRAMEWORK_SEARCH_PATHS = (
					"$(inherited)",
					"\"/Volumes/Skiiing2/CD/ViewBased/Unknown Path/System/Library/Frameworks\"",
				);
				GCC_PRECOMPILE_PREFIX_HEADER = YES;
				GCC_PREFIX_HEADER = MapExploration_Prefix.pch;
				HEADER_SEARCH_PATHS = (
					../external/Three20/src,
					"../external/TouchCustoms/Classes/**",
				);
				INFOPLIST_FILE = "MapExploration-Info.plist";
				OTHER_LDFLAGS = (
					"-all_load",
					"-ObjC",
				);
				PRODUCT_NAME = MapExploration;
				"PROVISIONING_PROFILE[sdk=iphoneos*]" = "CB39AE06-08CB-4817-B8E3-A8862CDA795E";
			};
			name = Distribution;
		};
		C01FCF4F08A954540054247B /* Debug */ = {
			isa = XCBuildConfiguration;
			buildSettings = {
				ARCHS = "$(ARCHS_STANDARD_32_BIT)";
				"CODE_SIGN_IDENTITY[sdk=iphoneos*]" = "iPhone Developer";
				GCC_C_LANGUAGE_STANDARD = c99;
				GCC_WARN_ABOUT_RETURN_TYPE = YES;
				GCC_WARN_UNUSED_VARIABLE = YES;
				PREBINDING = NO;
				SDKROOT = iphoneos3.1.2;
			};
			name = Debug;
		};
		C01FCF5008A954540054247B /* Release */ = {
			isa = XCBuildConfiguration;
			buildSettings = {
				ARCHS = "$(ARCHS_STANDARD_32_BIT)";
				"CODE_SIGN_IDENTITY[sdk=iphoneos*]" = "iPhone Developer";
				GCC_C_LANGUAGE_STANDARD = c99;
				GCC_WARN_ABOUT_RETURN_TYPE = YES;
				GCC_WARN_UNUSED_VARIABLE = YES;
				PREBINDING = NO;
				SDKROOT = iphoneos3.1.2;
			};
			name = Release;
		};
/* End XCBuildConfiguration section */

/* Begin XCConfigurationList section */
		1D6058960D05DD3E006BFB54 /* Build configuration list for PBXNativeTarget "MapExploration" */ = {
			isa = XCConfigurationList;
			buildConfigurations = (
				1D6058940D05DD3E006BFB54 /* Debug */,
				1D6058950D05DD3E006BFB54 /* Release */,
				57FD4AC81183A45E0099DDCD /* Distribution */,
			);
			defaultConfigurationIsVisible = 0;
			defaultConfigurationName = Release;
		};
		C01FCF4E08A954540054247B /* Build configuration list for PBXProject "MapExploration" */ = {
			isa = XCConfigurationList;
			buildConfigurations = (
				C01FCF4F08A954540054247B /* Debug */,
				C01FCF5008A954540054247B /* Release */,
				57FD4AC71183A45E0099DDCD /* Distribution */,
			);
			defaultConfigurationIsVisible = 0;
			defaultConfigurationName = Release;
		};
/* End XCConfigurationList section */
	};
	rootObject = 29B97313FDCFA39411CA2CEA /* Project object */;
}
